
Microsoft Visual Studio Solution File, Format Version 12.00
# Visual Studio Version 17
VisualStudioVersion = 17.11.35303.130
MinimumVisualStudioVersion = 10.0.40219.1
Project("{FAE04EC0-301F-11D3-BF4B-00C04F79EFBC}") = "DeliverySystem", "DeliverySystem.csproj", "{725F5DD4-E76E-43CE-BAA2-F38D905A51CD}"
EndProject
Project("{9A19103F-16F7-4668-BE54-9A1E7A4F7556}") = "DeliverySystem.Tests", "..\CodeOfPracticePD2025-Sem3-UnitTests3\DeliverySystem.Tests.csproj", "{538B2F0A-396C-488E-9D16-FD389C06D574}"
EndProject
Global
	GlobalSection(SolutionConfigurationPlatforms) = preSolution
		Debug|Any CPU = Debug|Any CPU
		Release|Any CPU = Release|Any CPU
	EndGlobalSection
	GlobalSection(ProjectConfigurationPlatforms) = postSolution
		{725F5DD4-E76E-43CE-BAA2-F38D905A51CD}.Debug|Any CPU.ActiveCfg = Debug|Any CPU
		{725F5DD4-E76E-43CE-BAA2-F38D905A51CD}.Debug|Any CPU.Build.0 = Debug|Any CPU
		{725F5DD4-E76E-43CE-BAA2-F38D905A51CD}.Release|Any CPU.ActiveCfg = Release|Any CPU
		{725F5DD4-E76E-43CE-BAA2-F38D905A51CD}.Release|Any CPU.Build.0 = Release|Any CPU
		{538B2F0A-396C-488E-9D16-FD389C06D574}.Debug|Any CPU.ActiveCfg = Debug|Any CPU
		{538B2F0A-396C-488E-9D16-FD389C06D574}.Debug|Any CPU.Build.0 = Debug|Any CPU
		{538B2F0A-396C-488E-9D16-FD389C06D574}.Release|Any CPU.ActiveCfg = Release|Any CPU
		{538B2F0A-396C-488E-9D16-FD389C06D574}.Release|Any CPU.Build.0 = Release|Any CPU
	EndGlobalSection
	GlobalSection(SolutionProperties) = preSolution
		HideSolutionNode = FALSE
	EndGlobalSection
	GlobalSection(ExtensibilityGlobals) = postSolution
		SolutionGuid = {DA8703BE-7759-478B-9A02-EFD8DC214404}
	EndGlobalSection
EndGlobal
