
Microsoft Visual Studio Solution File, Format Version 12.00
# Visual Studio Version 17
VisualStudioVersion = 17.11.35303.130
MinimumVisualStudioVersion = 10.0.40219.1
Project("{FAE04EC0-301F-11D3-BF4B-00C04F79EFBC}") = "SmartHomeSystem", "SmartHomeSystem\SmartHomeSystem.csproj", "{4C675A26-B3B1-4FD5-B15C-1B49DF37D514}"
EndProject
Global
	GlobalSection(SolutionConfigurationPlatforms) = preSolution
		Debug|Any CPU = Debug|Any CPU
		Release|Any CPU = Release|Any CPU
	EndGlobalSection
	GlobalSection(ProjectConfigurationPlatforms) = postSolution
		{4C675A26-B3B1-4FD5-B15C-1B49DF37D514}.Debug|Any CPU.ActiveCfg = Debug|Any CPU
		{4C675A26-B3B1-4FD5-B15C-1B49DF37D514}.Debug|Any CPU.Build.0 = Debug|Any CPU
		{4C675A26-B3B1-4FD5-B15C-1B49DF37D514}.Release|Any CPU.ActiveCfg = Release|Any CPU
		{4C675A26-B3B1-4FD5-B15C-1B49DF37D514}.Release|Any CPU.Build.0 = Release|Any CPU
	EndGlobalSection
	GlobalSection(SolutionProperties) = preSolution
		HideSolutionNode = FALSE
	EndGlobalSection
	GlobalSection(ExtensibilityGlobals) = postSolution
		SolutionGuid = {5B908EDF-65BB-4145-9C05-9C4F8D29E7B5}
	EndGlobalSection
EndGlobal
